
Microsoft Visual Studio Solution File, Format Version 12.00
# Visual Studio Version 17
VisualStudioVersion = 17.11.35327.3
MinimumVisualStudioVersion = 10.0.40219.1
Project("{9A19103F-16F7-4668-BE54-9A1E7A4F7556}") = "APIGateway", "APIGateway\APIGateway.csproj", "{18333B6C-B5BA-4004-849B-702A1E507BC8}"
EndProject
Project("{2150E333-8FDC-42A3-9474-1A3956D46DE8}") = "Common", "Common", "{A32C837C-83D3-4D5D-ABA3-44C334A9F560}"
EndProject
Project("{9A19103F-16F7-4668-BE54-9A1E7A4F7556}") = "Common", "Common\Common.csproj", "{8F14A098-D6F2-42D9-B421-79CDC342C2EC}"
EndProject
Project("{2150E333-8FDC-42A3-9474-1A3956D46DE8}") = "EmployeeService", "EmployeeService", "{5B68B8DF-DC07-46CD-AA55-F8B6437168E1}"
EndProject
Project("{9A19103F-16F7-4668-BE54-9A1E7A4F7556}") = "EmployeeService.Presentation", "EmployeeService.Presentation\EmployeeService.Presentation.csproj", "{F7378B05-0375-4C3A-B5CB-0F447FB0D4F0}"
EndProject
Project("{9A19103F-16F7-4668-BE54-9A1E7A4F7556}") = "EmployeeService.Core", "EmployeeService.Core\EmployeeService.Core.csproj", "{8306F2A3-6493-4675-8279-8084B0EEFF35}"
EndProject
Project("{9A19103F-16F7-4668-BE54-9A1E7A4F7556}") = "EmployeeService.Application", "EmployeeService.Application\EmployeeService.Application.csproj", "{FE846FBF-E52F-436A-95BC-7BD5CEC5D5FB}"
EndProject
Project("{9A19103F-16F7-4668-BE54-9A1E7A4F7556}") = "EmployeeService.Infrastructure", "EmployeeService.Infrastructure\EmployeeService.Infrastructure.csproj", "{93EAB774-EC7B-43F9-9BD5-81DCE1495B07}"
EndProject
Project("{2150E333-8FDC-42A3-9474-1A3956D46DE8}") = "ProjectService", "ProjectService", "{BE228437-0FA9-4C64-9BBD-E4213D004DBC}"
EndProject
Project("{9A19103F-16F7-4668-BE54-9A1E7A4F7556}") = "ProjectService.Core", "ProjectService.Core\ProjectService.Core.csproj", "{8C69E07B-24B1-4E5D-8C30-A207485BB43B}"
EndProject
Project("{9A19103F-16F7-4668-BE54-9A1E7A4F7556}") = "ProjectService.Application", "ProjectService.Application\ProjectService.Application.csproj", "{92DD1295-19F7-4F27-9957-EA74B587FC8F}"
EndProject
Project("{9A19103F-16F7-4668-BE54-9A1E7A4F7556}") = "ProjectService.Presentation", "ProjectService.Presentation\ProjectService.Presentation.csproj", "{355EAD46-A8F4-437B-A27C-AC66DAB29488}"
EndProject
Project("{9A19103F-16F7-4668-BE54-9A1E7A4F7556}") = "ProjectService.Infrastructure", "ProjectService.Infrastructure\ProjectService.Infrastructure.csproj", "{74006B3C-BD2E-42F1-AD25-F9A3F9D042A1}"
EndProject
Project("{2150E333-8FDC-42A3-9474-1A3956D46DE8}") = "IdentityService", "IdentityService", "{A6B71F12-25FB-4C51-87B7-C996549F98AE}"
EndProject
Project("{FAE04EC0-301F-11D3-BF4B-00C04F79EFBC}") = "IdentityService.Application", "IdentityService.Application\IdentityService.Application.csproj", "{AC3C0586-F0A6-430A-9FFB-710B921A8F43}"
EndProject
Project("{FAE04EC0-301F-11D3-BF4B-00C04F79EFBC}") = "IdentityService.Core", "IdentityService.Core\IdentityService.Core.csproj", "{7B2D4A1A-7CE4-4911-86B7-9D3102C40043}"
EndProject
Project("{FAE04EC0-301F-11D3-BF4B-00C04F79EFBC}") = "IdentityService.Infrastructure", "IdentityService.Infrastructure\IdentityService.Infrastructure.csproj", "{841B41E3-4B44-4FA2-8265-431A6451FA24}"
EndProject
Project("{FAE04EC0-301F-11D3-BF4B-00C04F79EFBC}") = "IdentityService.Presentation", "IdentityService.Presentation\IdentityService.Presentation.csproj", "{E56B9C44-D3D9-43B4-BD17-9A81CECCDFF0}"
EndProject
Global
	GlobalSection(SolutionConfigurationPlatforms) = preSolution
		Debug|Any CPU = Debug|Any CPU
		Release|Any CPU = Release|Any CPU
	EndGlobalSection
	GlobalSection(ProjectConfigurationPlatforms) = postSolution
		{18333B6C-B5BA-4004-849B-702A1E507BC8}.Debug|Any CPU.ActiveCfg = Debug|Any CPU
		{18333B6C-B5BA-4004-849B-702A1E507BC8}.Debug|Any CPU.Build.0 = Debug|Any CPU
		{18333B6C-B5BA-4004-849B-702A1E507BC8}.Release|Any CPU.ActiveCfg = Release|Any CPU
		{18333B6C-B5BA-4004-849B-702A1E507BC8}.Release|Any CPU.Build.0 = Release|Any CPU
		{8F14A098-D6F2-42D9-B421-79CDC342C2EC}.Debug|Any CPU.ActiveCfg = Debug|Any CPU
		{8F14A098-D6F2-42D9-B421-79CDC342C2EC}.Debug|Any CPU.Build.0 = Debug|Any CPU
		{8F14A098-D6F2-42D9-B421-79CDC342C2EC}.Release|Any CPU.ActiveCfg = Release|Any CPU
		{8F14A098-D6F2-42D9-B421-79CDC342C2EC}.Release|Any CPU.Build.0 = Release|Any CPU
		{F7378B05-0375-4C3A-B5CB-0F447FB0D4F0}.Debug|Any CPU.ActiveCfg = Debug|Any CPU
		{F7378B05-0375-4C3A-B5CB-0F447FB0D4F0}.Debug|Any CPU.Build.0 = Debug|Any CPU
		{F7378B05-0375-4C3A-B5CB-0F447FB0D4F0}.Release|Any CPU.ActiveCfg = Release|Any CPU
		{F7378B05-0375-4C3A-B5CB-0F447FB0D4F0}.Release|Any CPU.Build.0 = Release|Any CPU
		{8306F2A3-6493-4675-8279-8084B0EEFF35}.Debug|Any CPU.ActiveCfg = Debug|Any CPU
		{8306F2A3-6493-4675-8279-8084B0EEFF35}.Debug|Any CPU.Build.0 = Debug|Any CPU
		{8306F2A3-6493-4675-8279-8084B0EEFF35}.Release|Any CPU.ActiveCfg = Release|Any CPU
		{8306F2A3-6493-4675-8279-8084B0EEFF35}.Release|Any CPU.Build.0 = Release|Any CPU
		{FE846FBF-E52F-436A-95BC-7BD5CEC5D5FB}.Debug|Any CPU.ActiveCfg = Debug|Any CPU
		{FE846FBF-E52F-436A-95BC-7BD5CEC5D5FB}.Debug|Any CPU.Build.0 = Debug|Any CPU
		{FE846FBF-E52F-436A-95BC-7BD5CEC5D5FB}.Release|Any CPU.ActiveCfg = Release|Any CPU
		{FE846FBF-E52F-436A-95BC-7BD5CEC5D5FB}.Release|Any CPU.Build.0 = Release|Any CPU
		{93EAB774-EC7B-43F9-9BD5-81DCE1495B07}.Debug|Any CPU.ActiveCfg = Debug|Any CPU
		{93EAB774-EC7B-43F9-9BD5-81DCE1495B07}.Debug|Any CPU.Build.0 = Debug|Any CPU
		{93EAB774-EC7B-43F9-9BD5-81DCE1495B07}.Release|Any CPU.ActiveCfg = Release|Any CPU
		{93EAB774-EC7B-43F9-9BD5-81DCE1495B07}.Release|Any CPU.Build.0 = Release|Any CPU
		{8C69E07B-24B1-4E5D-8C30-A207485BB43B}.Debug|Any CPU.ActiveCfg = Debug|Any CPU
		{8C69E07B-24B1-4E5D-8C30-A207485BB43B}.Debug|Any CPU.Build.0 = Debug|Any CPU
		{8C69E07B-24B1-4E5D-8C30-A207485BB43B}.Release|Any CPU.ActiveCfg = Release|Any CPU
		{8C69E07B-24B1-4E5D-8C30-A207485BB43B}.Release|Any CPU.Build.0 = Release|Any CPU
		{92DD1295-19F7-4F27-9957-EA74B587FC8F}.Debug|Any CPU.ActiveCfg = Debug|Any CPU
		{92DD1295-19F7-4F27-9957-EA74B587FC8F}.Debug|Any CPU.Build.0 = Debug|Any CPU
		{92DD1295-19F7-4F27-9957-EA74B587FC8F}.Release|Any CPU.ActiveCfg = Release|Any CPU
		{92DD1295-19F7-4F27-9957-EA74B587FC8F}.Release|Any CPU.Build.0 = Release|Any CPU
		{355EAD46-A8F4-437B-A27C-AC66DAB29488}.Debug|Any CPU.ActiveCfg = Debug|Any CPU
		{355EAD46-A8F4-437B-A27C-AC66DAB29488}.Debug|Any CPU.Build.0 = Debug|Any CPU
		{355EAD46-A8F4-437B-A27C-AC66DAB29488}.Release|Any CPU.ActiveCfg = Release|Any CPU
		{355EAD46-A8F4-437B-A27C-AC66DAB29488}.Release|Any CPU.Build.0 = Release|Any CPU
		{74006B3C-BD2E-42F1-AD25-F9A3F9D042A1}.Debug|Any CPU.ActiveCfg = Debug|Any CPU
		{74006B3C-BD2E-42F1-AD25-F9A3F9D042A1}.Debug|Any CPU.Build.0 = Debug|Any CPU
		{74006B3C-BD2E-42F1-AD25-F9A3F9D042A1}.Release|Any CPU.ActiveCfg = Release|Any CPU
		{74006B3C-BD2E-42F1-AD25-F9A3F9D042A1}.Release|Any CPU.Build.0 = Release|Any CPU
		{AC3C0586-F0A6-430A-9FFB-710B921A8F43}.Debug|Any CPU.ActiveCfg = Debug|Any CPU
		{AC3C0586-F0A6-430A-9FFB-710B921A8F43}.Debug|Any CPU.Build.0 = Debug|Any CPU
		{AC3C0586-F0A6-430A-9FFB-710B921A8F43}.Release|Any CPU.ActiveCfg = Release|Any CPU
		{AC3C0586-F0A6-430A-9FFB-710B921A8F43}.Release|Any CPU.Build.0 = Release|Any CPU
		{7B2D4A1A-7CE4-4911-86B7-9D3102C40043}.Debug|Any CPU.ActiveCfg = Debug|Any CPU
		{7B2D4A1A-7CE4-4911-86B7-9D3102C40043}.Debug|Any CPU.Build.0 = Debug|Any CPU
		{7B2D4A1A-7CE4-4911-86B7-9D3102C40043}.Release|Any CPU.ActiveCfg = Release|Any CPU
		{7B2D4A1A-7CE4-4911-86B7-9D3102C40043}.Release|Any CPU.Build.0 = Release|Any CPU
		{841B41E3-4B44-4FA2-8265-431A6451FA24}.Debug|Any CPU.ActiveCfg = Debug|Any CPU
		{841B41E3-4B44-4FA2-8265-431A6451FA24}.Debug|Any CPU.Build.0 = Debug|Any CPU
		{841B41E3-4B44-4FA2-8265-431A6451FA24}.Release|Any CPU.ActiveCfg = Release|Any CPU
		{841B41E3-4B44-4FA2-8265-431A6451FA24}.Release|Any CPU.Build.0 = Release|Any CPU
		{E56B9C44-D3D9-43B4-BD17-9A81CECCDFF0}.Debug|Any CPU.ActiveCfg = Debug|Any CPU
		{E56B9C44-D3D9-43B4-BD17-9A81CECCDFF0}.Debug|Any CPU.Build.0 = Debug|Any CPU
		{E56B9C44-D3D9-43B4-BD17-9A81CECCDFF0}.Release|Any CPU.ActiveCfg = Release|Any CPU
		{E56B9C44-D3D9-43B4-BD17-9A81CECCDFF0}.Release|Any CPU.Build.0 = Release|Any CPU
	EndGlobalSection
	GlobalSection(SolutionProperties) = preSolution
		HideSolutionNode = FALSE
	EndGlobalSection
	GlobalSection(NestedProjects) = preSolution
		{8F14A098-D6F2-42D9-B421-79CDC342C2EC} = {A32C837C-83D3-4D5D-ABA3-44C334A9F560}
		{F7378B05-0375-4C3A-B5CB-0F447FB0D4F0} = {5B68B8DF-DC07-46CD-AA55-F8B6437168E1}
		{8306F2A3-6493-4675-8279-8084B0EEFF35} = {5B68B8DF-DC07-46CD-AA55-F8B6437168E1}
		{FE846FBF-E52F-436A-95BC-7BD5CEC5D5FB} = {5B68B8DF-DC07-46CD-AA55-F8B6437168E1}
		{93EAB774-EC7B-43F9-9BD5-81DCE1495B07} = {5B68B8DF-DC07-46CD-AA55-F8B6437168E1}
		{8C69E07B-24B1-4E5D-8C30-A207485BB43B} = {BE228437-0FA9-4C64-9BBD-E4213D004DBC}
		{92DD1295-19F7-4F27-9957-EA74B587FC8F} = {BE228437-0FA9-4C64-9BBD-E4213D004DBC}
		{355EAD46-A8F4-437B-A27C-AC66DAB29488} = {BE228437-0FA9-4C64-9BBD-E4213D004DBC}
		{74006B3C-BD2E-42F1-AD25-F9A3F9D042A1} = {BE228437-0FA9-4C64-9BBD-E4213D004DBC}
		{AC3C0586-F0A6-430A-9FFB-710B921A8F43} = {A6B71F12-25FB-4C51-87B7-C996549F98AE}
		{7B2D4A1A-7CE4-4911-86B7-9D3102C40043} = {A6B71F12-25FB-4C51-87B7-C996549F98AE}
		{841B41E3-4B44-4FA2-8265-431A6451FA24} = {A6B71F12-25FB-4C51-87B7-C996549F98AE}
		{E56B9C44-D3D9-43B4-BD17-9A81CECCDFF0} = {A6B71F12-25FB-4C51-87B7-C996549F98AE}
	EndGlobalSection
	GlobalSection(ExtensibilityGlobals) = postSolution
		SolutionGuid = {A10CA5BB-FDCC-4C24-BD70-DB18BF0F26BE}
	EndGlobalSection
EndGlobal
