
Microsoft Visual Studio Solution File, Format Version 12.00
Project("{FAE04EC0-301F-11D3-BF4B-00C04F79EFBC}") = "ApiGateway", "ApiGateway\ApiGateway.csproj", "{1FCD0180-A33F-4C92-A04B-FB29831E1163}"
EndProject
Project("{2150E333-8FDC-42A3-9474-1A3956D46DE8}") = "IdentityService", "IdentityService", "{CE3D12C5-78FA-4F41-ACC9-B18E5663C557}"
EndProject
Project("{FAE04EC0-301F-11D3-BF4B-00C04F79EFBC}") = "Application", "Application\Application.csproj", "{6E417623-A340-40AE-8AAA-BB11476CF285}"
EndProject
Project("{FAE04EC0-301F-11D3-BF4B-00C04F79EFBC}") = "Core", "Core\Core.csproj", "{892D7743-B7F7-44C0-90E9-DC82AEA56853}"
EndProject
Project("{FAE04EC0-301F-11D3-BF4B-00C04F79EFBC}") = "Infrastructure", "Infrastructure\Infrastructure.csproj", "{F02EC7C8-8CC2-4EFD-8D73-86957FB1F538}"
EndProject
Project("{FAE04EC0-301F-11D3-BF4B-00C04F79EFBC}") = "Presentation", "Presentation\Presentation.csproj", "{34FD4159-3204-4465-A484-98C6E154B902}"
EndProject
Project("{2150E333-8FDC-42A3-9474-1A3956D46DE8}") = "Common", "Common", "{3B86D8B3-6089-4A9B-8124-05D563AEEF2A}"
EndProject
Project("{FAE04EC0-301F-11D3-BF4B-00C04F79EFBC}") = "Common", "Common\Common.csproj", "{AF5C15B7-D8BD-4E8D-A662-D4182539C6D6}"
EndProject
Global
	GlobalSection(SolutionConfigurationPlatforms) = preSolution
		Debug|Any CPU = Debug|Any CPU
		Release|Any CPU = Release|Any CPU
	EndGlobalSection
	GlobalSection(ProjectConfigurationPlatforms) = postSolution
		{1FCD0180-A33F-4C92-A04B-FB29831E1163}.Debug|Any CPU.ActiveCfg = Debug|Any CPU
		{1FCD0180-A33F-4C92-A04B-FB29831E1163}.Debug|Any CPU.Build.0 = Debug|Any CPU
		{1FCD0180-A33F-4C92-A04B-FB29831E1163}.Release|Any CPU.ActiveCfg = Release|Any CPU
		{1FCD0180-A33F-4C92-A04B-FB29831E1163}.Release|Any CPU.Build.0 = Release|Any CPU
		{6E417623-A340-40AE-8AAA-BB11476CF285}.Debug|Any CPU.ActiveCfg = Debug|Any CPU
		{6E417623-A340-40AE-8AAA-BB11476CF285}.Debug|Any CPU.Build.0 = Debug|Any CPU
		{6E417623-A340-40AE-8AAA-BB11476CF285}.Release|Any CPU.ActiveCfg = Release|Any CPU
		{6E417623-A340-40AE-8AAA-BB11476CF285}.Release|Any CPU.Build.0 = Release|Any CPU
		{892D7743-B7F7-44C0-90E9-DC82AEA56853}.Debug|Any CPU.ActiveCfg = Debug|Any CPU
		{892D7743-B7F7-44C0-90E9-DC82AEA56853}.Debug|Any CPU.Build.0 = Debug|Any CPU
		{892D7743-B7F7-44C0-90E9-DC82AEA56853}.Release|Any CPU.ActiveCfg = Release|Any CPU
		{892D7743-B7F7-44C0-90E9-DC82AEA56853}.Release|Any CPU.Build.0 = Release|Any CPU
		{F02EC7C8-8CC2-4EFD-8D73-86957FB1F538}.Debug|Any CPU.ActiveCfg = Debug|Any CPU
		{F02EC7C8-8CC2-4EFD-8D73-86957FB1F538}.Debug|Any CPU.Build.0 = Debug|Any CPU
		{F02EC7C8-8CC2-4EFD-8D73-86957FB1F538}.Release|Any CPU.ActiveCfg = Release|Any CPU
		{F02EC7C8-8CC2-4EFD-8D73-86957FB1F538}.Release|Any CPU.Build.0 = Release|Any CPU
		{34FD4159-3204-4465-A484-98C6E154B902}.Debug|Any CPU.ActiveCfg = Debug|Any CPU
		{34FD4159-3204-4465-A484-98C6E154B902}.Debug|Any CPU.Build.0 = Debug|Any CPU
		{34FD4159-3204-4465-A484-98C6E154B902}.Release|Any CPU.ActiveCfg = Release|Any CPU
		{34FD4159-3204-4465-A484-98C6E154B902}.Release|Any CPU.Build.0 = Release|Any CPU
		{AF5C15B7-D8BD-4E8D-A662-D4182539C6D6}.Debug|Any CPU.ActiveCfg = Debug|Any CPU
		{AF5C15B7-D8BD-4E8D-A662-D4182539C6D6}.Debug|Any CPU.Build.0 = Debug|Any CPU
		{AF5C15B7-D8BD-4E8D-A662-D4182539C6D6}.Release|Any CPU.ActiveCfg = Release|Any CPU
		{AF5C15B7-D8BD-4E8D-A662-D4182539C6D6}.Release|Any CPU.Build.0 = Release|Any CPU
	EndGlobalSection
	GlobalSection(NestedProjects) = preSolution
		{6E417623-A340-40AE-8AAA-BB11476CF285} = {CE3D12C5-78FA-4F41-ACC9-B18E5663C557}
		{892D7743-B7F7-44C0-90E9-DC82AEA56853} = {CE3D12C5-78FA-4F41-ACC9-B18E5663C557}
		{F02EC7C8-8CC2-4EFD-8D73-86957FB1F538} = {CE3D12C5-78FA-4F41-ACC9-B18E5663C557}
		{34FD4159-3204-4465-A484-98C6E154B902} = {CE3D12C5-78FA-4F41-ACC9-B18E5663C557}
		{AF5C15B7-D8BD-4E8D-A662-D4182539C6D6} = {3B86D8B3-6089-4A9B-8124-05D563AEEF2A}
	EndGlobalSection
EndGlobal
